
Microsoft Visual Studio Solution File, Format Version 12.00
# Visual Studio Version 16
VisualStudioVersion = 16.0.29926.136
MinimumVisualStudioVersion = 10.0.40219.1
Project("{8BC9CEB8-8B4A-11D0-8D11-00A0C91BC942}") = "Const", "Const\Const.vcxproj", "{44619B22-9949-45D1-8E8E-E08BA5C345B3}"
EndProject
Project("{8BC9CEB8-8B4A-11D0-8D11-00A0C91BC942}") = "ConstructorAndDestructor", "ConstructorAndDestructor\ConstructorAndDestructor.vcxproj", "{A8B1627D-9ABC-41B7-A666-778342CB1A2E}"
EndProject
Project("{8BC9CEB8-8B4A-11D0-8D11-00A0C91BC942}") = "Inheritance", "Inheritance\Inheritance.vcxproj", "{8069B81B-AD6A-4B0B-90B6-F070D4B5C8F7}"
EndProject
Project("{8BC9CEB8-8B4A-11D0-8D11-00A0C91BC942}") = "Operators", "Operators\Operators.vcxproj", "{2F5F7145-CEEE-4FF3-9BD3-E981958179E3}"
EndProject
Project("{8BC9CEB8-8B4A-11D0-8D11-00A0C91BC942}") = "PointerAndReference", "PointerAndReference\PointerAndReference.vcxproj", "{AF458465-0268-44D3-BAC3-3D11751232F1}"
EndProject
Project("{8BC9CEB8-8B4A-11D0-8D11-00A0C91BC942}") = "SmartPointer", "SmartPointer\SmartPointer.vcxproj", "{BD8362FA-BA5A-4B5C-9FE9-0B4E5BCA251E}"
EndProject
Project("{8BC9CEB8-8B4A-11D0-8D11-00A0C91BC942}") = "StackAndHeap", "StackAndHeap\StackAndHeap.vcxproj", "{A6946B5C-9046-4551-AD72-D550C3138F1A}"
EndProject
Project("{8BC9CEB8-8B4A-11D0-8D11-00A0C91BC942}") = "Static", "Static\Static.vcxproj", "{14EDBCFE-65BF-4C0E-A0F1-CE16E2878D62}"
EndProject
Project("{8BC9CEB8-8B4A-11D0-8D11-00A0C91BC942}") = "String", "String\String.vcxproj", "{7E5E6A81-50EE-4BAB-942D-4EBE7798FF3A}"
EndProject
Project("{8BC9CEB8-8B4A-11D0-8D11-00A0C91BC942}") = "Template", "Template\Template.vcxproj", "{940106CA-B1B0-49B2-97A2-CFAF486DBF45}"
EndProject
Project("{8BC9CEB8-8B4A-11D0-8D11-00A0C91BC942}") = "VectorAndArray", "VectorAndArray\VectorAndArray.vcxproj", "{5E9BEBF0-CF67-4E25-B4EE-A66D144F7BCB}"
EndProject
Project("{8BC9CEB8-8B4A-11D0-8D11-00A0C91BC942}") = "ClassAndEnum", "ClassAndEnum\ClassAndEnum.vcxproj", "{0FA287E1-689F-4F8D-A223-D3D55A1C0B1C}"
EndProject
Project("{8BC9CEB8-8B4A-11D0-8D11-00A0C91BC942}") = "Marcos", "Marcos\Marcos.vcxproj", "{C99618E0-83E5-4DF1-BFA1-08EDB32892EF}"
EndProject
Project("{8BC9CEB8-8B4A-11D0-8D11-00A0C91BC942}") = "FunctionPointerAndLambda", "FunctionPointer\FunctionPointer.vcxproj", "{77DCE398-DA84-4294-9B97-89B89DEF6BEA}"
EndProject
Project("{8BC9CEB8-8B4A-11D0-8D11-00A0C91BC942}") = "Thread", "Thread\Thread.vcxproj", "{E582D5E5-F2CD-4D92-B59F-FC02AC0E6D3A}"
EndProject
Project("{8BC9CEB8-8B4A-11D0-8D11-00A0C91BC942}") = "Sort", "Sort\Sort.vcxproj", "{56C4E74D-D4E4-4F27-B26C-ABE813C35B37}"
EndProject
Project("{8BC9CEB8-8B4A-11D0-8D11-00A0C91BC942}") = "Abstract", "Abstract\Abstract.vcxproj", "{4F556DB9-05B6-4761-AE26-3E203AD36E64}"
EndProject
Project("{8BC9CEB8-8B4A-11D0-8D11-00A0C91BC942}") = "Copying", "Copying\Copying.vcxproj", "{01BC19B3-20E7-422C-ACA9-0DD911D69722}"
EndProject
Project("{8BC9CEB8-8B4A-11D0-8D11-00A0C91BC942}") = "InitializerList", "InitializerList\InitializerList.vcxproj", "{CA87D297-F0EC-49BF-9E34-395F6133B165}"
EndProject
Project("{8BC9CEB8-8B4A-11D0-8D11-00A0C91BC942}") = "Iterator", "Iterator\Iterator.vcxproj", "{41C0B22D-6304-491E-B934-D621F7E162FD}"
EndProject
Project("{8BC9CEB8-8B4A-11D0-8D11-00A0C91BC942}") = "Swap", "Swap\Swap.vcxproj", "{BA0F4A0D-F04B-44A0-A0EE-E98F8790C910}"
EndProject
Global
	GlobalSection(SolutionConfigurationPlatforms) = preSolution
		Debug|x64 = Debug|x64
		Debug|x86 = Debug|x86
		Release|x64 = Release|x64
		Release|x86 = Release|x86
	EndGlobalSection
	GlobalSection(ProjectConfigurationPlatforms) = postSolution
		{44619B22-9949-45D1-8E8E-E08BA5C345B3}.Debug|x64.ActiveCfg = Debug|x64
		{44619B22-9949-45D1-8E8E-E08BA5C345B3}.Debug|x64.Build.0 = Debug|x64
		{44619B22-9949-45D1-8E8E-E08BA5C345B3}.Debug|x86.ActiveCfg = Debug|Win32
		{44619B22-9949-45D1-8E8E-E08BA5C345B3}.Debug|x86.Build.0 = Debug|Win32
		{44619B22-9949-45D1-8E8E-E08BA5C345B3}.Release|x64.ActiveCfg = Release|x64
		{44619B22-9949-45D1-8E8E-E08BA5C345B3}.Release|x64.Build.0 = Release|x64
		{44619B22-9949-45D1-8E8E-E08BA5C345B3}.Release|x86.ActiveCfg = Release|Win32
		{44619B22-9949-45D1-8E8E-E08BA5C345B3}.Release|x86.Build.0 = Release|Win32
		{A8B1627D-9ABC-41B7-A666-778342CB1A2E}.Debug|x64.ActiveCfg = Debug|x64
		{A8B1627D-9ABC-41B7-A666-778342CB1A2E}.Debug|x64.Build.0 = Debug|x64
		{A8B1627D-9ABC-41B7-A666-778342CB1A2E}.Debug|x86.ActiveCfg = Debug|Win32
		{A8B1627D-9ABC-41B7-A666-778342CB1A2E}.Debug|x86.Build.0 = Debug|Win32
		{A8B1627D-9ABC-41B7-A666-778342CB1A2E}.Release|x64.ActiveCfg = Release|x64
		{A8B1627D-9ABC-41B7-A666-778342CB1A2E}.Release|x64.Build.0 = Release|x64
		{A8B1627D-9ABC-41B7-A666-778342CB1A2E}.Release|x86.ActiveCfg = Release|Win32
		{A8B1627D-9ABC-41B7-A666-778342CB1A2E}.Release|x86.Build.0 = Release|Win32
		{8069B81B-AD6A-4B0B-90B6-F070D4B5C8F7}.Debug|x64.ActiveCfg = Debug|x64
		{8069B81B-AD6A-4B0B-90B6-F070D4B5C8F7}.Debug|x64.Build.0 = Debug|x64
		{8069B81B-AD6A-4B0B-90B6-F070D4B5C8F7}.Debug|x86.ActiveCfg = Debug|Win32
		{8069B81B-AD6A-4B0B-90B6-F070D4B5C8F7}.Debug|x86.Build.0 = Debug|Win32
		{8069B81B-AD6A-4B0B-90B6-F070D4B5C8F7}.Release|x64.ActiveCfg = Release|x64
		{8069B81B-AD6A-4B0B-90B6-F070D4B5C8F7}.Release|x64.Build.0 = Release|x64
		{8069B81B-AD6A-4B0B-90B6-F070D4B5C8F7}.Release|x86.ActiveCfg = Release|Win32
		{8069B81B-AD6A-4B0B-90B6-F070D4B5C8F7}.Release|x86.Build.0 = Release|Win32
		{2F5F7145-CEEE-4FF3-9BD3-E981958179E3}.Debug|x64.ActiveCfg = Debug|x64
		{2F5F7145-CEEE-4FF3-9BD3-E981958179E3}.Debug|x64.Build.0 = Debug|x64
		{2F5F7145-CEEE-4FF3-9BD3-E981958179E3}.Debug|x86.ActiveCfg = Debug|Win32
		{2F5F7145-CEEE-4FF3-9BD3-E981958179E3}.Debug|x86.Build.0 = Debug|Win32
		{2F5F7145-CEEE-4FF3-9BD3-E981958179E3}.Release|x64.ActiveCfg = Release|x64
		{2F5F7145-CEEE-4FF3-9BD3-E981958179E3}.Release|x64.Build.0 = Release|x64
		{2F5F7145-CEEE-4FF3-9BD3-E981958179E3}.Release|x86.ActiveCfg = Release|Win32
		{2F5F7145-CEEE-4FF3-9BD3-E981958179E3}.Release|x86.Build.0 = Release|Win32
		{AF458465-0268-44D3-BAC3-3D11751232F1}.Debug|x64.ActiveCfg = Debug|x64
		{AF458465-0268-44D3-BAC3-3D11751232F1}.Debug|x64.Build.0 = Debug|x64
		{AF458465-0268-44D3-BAC3-3D11751232F1}.Debug|x86.ActiveCfg = Debug|Win32
		{AF458465-0268-44D3-BAC3-3D11751232F1}.Debug|x86.Build.0 = Debug|Win32
		{AF458465-0268-44D3-BAC3-3D11751232F1}.Release|x64.ActiveCfg = Release|x64
		{AF458465-0268-44D3-BAC3-3D11751232F1}.Release|x64.Build.0 = Release|x64
		{AF458465-0268-44D3-BAC3-3D11751232F1}.Release|x86.ActiveCfg = Release|Win32
		{AF458465-0268-44D3-BAC3-3D11751232F1}.Release|x86.Build.0 = Release|Win32
		{BD8362FA-BA5A-4B5C-9FE9-0B4E5BCA251E}.Debug|x64.ActiveCfg = Debug|x64
		{BD8362FA-BA5A-4B5C-9FE9-0B4E5BCA251E}.Debug|x64.Build.0 = Debug|x64
		{BD8362FA-BA5A-4B5C-9FE9-0B4E5BCA251E}.Debug|x86.ActiveCfg = Debug|Win32
		{BD8362FA-BA5A-4B5C-9FE9-0B4E5BCA251E}.Debug|x86.Build.0 = Debug|Win32
		{BD8362FA-BA5A-4B5C-9FE9-0B4E5BCA251E}.Release|x64.ActiveCfg = Release|x64
		{BD8362FA-BA5A-4B5C-9FE9-0B4E5BCA251E}.Release|x64.Build.0 = Release|x64
		{BD8362FA-BA5A-4B5C-9FE9-0B4E5BCA251E}.Release|x86.ActiveCfg = Release|Win32
		{BD8362FA-BA5A-4B5C-9FE9-0B4E5BCA251E}.Release|x86.Build.0 = Release|Win32
		{A6946B5C-9046-4551-AD72-D550C3138F1A}.Debug|x64.ActiveCfg = Debug|x64
		{A6946B5C-9046-4551-AD72-D550C3138F1A}.Debug|x64.Build.0 = Debug|x64
		{A6946B5C-9046-4551-AD72-D550C3138F1A}.Debug|x86.ActiveCfg = Debug|Win32
		{A6946B5C-9046-4551-AD72-D550C3138F1A}.Debug|x86.Build.0 = Debug|Win32
		{A6946B5C-9046-4551-AD72-D550C3138F1A}.Release|x64.ActiveCfg = Release|x64
		{A6946B5C-9046-4551-AD72-D550C3138F1A}.Release|x64.Build.0 = Release|x64
		{A6946B5C-9046-4551-AD72-D550C3138F1A}.Release|x86.ActiveCfg = Release|Win32
		{A6946B5C-9046-4551-AD72-D550C3138F1A}.Release|x86.Build.0 = Release|Win32
		{14EDBCFE-65BF-4C0E-A0F1-CE16E2878D62}.Debug|x64.ActiveCfg = Debug|x64
		{14EDBCFE-65BF-4C0E-A0F1-CE16E2878D62}.Debug|x64.Build.0 = Debug|x64
		{14EDBCFE-65BF-4C0E-A0F1-CE16E2878D62}.Debug|x86.ActiveCfg = Debug|Win32
		{14EDBCFE-65BF-4C0E-A0F1-CE16E2878D62}.Debug|x86.Build.0 = Debug|Win32
		{14EDBCFE-65BF-4C0E-A0F1-CE16E2878D62}.Release|x64.ActiveCfg = Release|x64
		{14EDBCFE-65BF-4C0E-A0F1-CE16E2878D62}.Release|x64.Build.0 = Release|x64
		{14EDBCFE-65BF-4C0E-A0F1-CE16E2878D62}.Release|x86.ActiveCfg = Release|Win32
		{14EDBCFE-65BF-4C0E-A0F1-CE16E2878D62}.Release|x86.Build.0 = Release|Win32
		{7E5E6A81-50EE-4BAB-942D-4EBE7798FF3A}.Debug|x64.ActiveCfg = Debug|x64
		{7E5E6A81-50EE-4BAB-942D-4EBE7798FF3A}.Debug|x64.Build.0 = Debug|x64
		{7E5E6A81-50EE-4BAB-942D-4EBE7798FF3A}.Debug|x86.ActiveCfg = Debug|Win32
		{7E5E6A81-50EE-4BAB-942D-4EBE7798FF3A}.Debug|x86.Build.0 = Debug|Win32
		{7E5E6A81-50EE-4BAB-942D-4EBE7798FF3A}.Release|x64.ActiveCfg = Release|x64
		{7E5E6A81-50EE-4BAB-942D-4EBE7798FF3A}.Release|x64.Build.0 = Release|x64
		{7E5E6A81-50EE-4BAB-942D-4EBE7798FF3A}.Release|x86.ActiveCfg = Release|Win32
		{7E5E6A81-50EE-4BAB-942D-4EBE7798FF3A}.Release|x86.Build.0 = Release|Win32
		{940106CA-B1B0-49B2-97A2-CFAF486DBF45}.Debug|x64.ActiveCfg = Debug|x64
		{940106CA-B1B0-49B2-97A2-CFAF486DBF45}.Debug|x64.Build.0 = Debug|x64
		{940106CA-B1B0-49B2-97A2-CFAF486DBF45}.Debug|x86.ActiveCfg = Debug|Win32
		{940106CA-B1B0-49B2-97A2-CFAF486DBF45}.Debug|x86.Build.0 = Debug|Win32
		{940106CA-B1B0-49B2-97A2-CFAF486DBF45}.Release|x64.ActiveCfg = Release|x64
		{940106CA-B1B0-49B2-97A2-CFAF486DBF45}.Release|x64.Build.0 = Release|x64
		{940106CA-B1B0-49B2-97A2-CFAF486DBF45}.Release|x86.ActiveCfg = Release|Win32
		{940106CA-B1B0-49B2-97A2-CFAF486DBF45}.Release|x86.Build.0 = Release|Win32
		{5E9BEBF0-CF67-4E25-B4EE-A66D144F7BCB}.Debug|x64.ActiveCfg = Debug|x64
		{5E9BEBF0-CF67-4E25-B4EE-A66D144F7BCB}.Debug|x64.Build.0 = Debug|x64
		{5E9BEBF0-CF67-4E25-B4EE-A66D144F7BCB}.Debug|x86.ActiveCfg = Debug|Win32
		{5E9BEBF0-CF67-4E25-B4EE-A66D144F7BCB}.Debug|x86.Build.0 = Debug|Win32
		{5E9BEBF0-CF67-4E25-B4EE-A66D144F7BCB}.Release|x64.ActiveCfg = Release|x64
		{5E9BEBF0-CF67-4E25-B4EE-A66D144F7BCB}.Release|x64.Build.0 = Release|x64
		{5E9BEBF0-CF67-4E25-B4EE-A66D144F7BCB}.Release|x86.ActiveCfg = Release|Win32
		{5E9BEBF0-CF67-4E25-B4EE-A66D144F7BCB}.Release|x86.Build.0 = Release|Win32
		{0FA287E1-689F-4F8D-A223-D3D55A1C0B1C}.Debug|x64.ActiveCfg = Debug|x64
		{0FA287E1-689F-4F8D-A223-D3D55A1C0B1C}.Debug|x64.Build.0 = Debug|x64
		{0FA287E1-689F-4F8D-A223-D3D55A1C0B1C}.Debug|x86.ActiveCfg = Debug|Win32
		{0FA287E1-689F-4F8D-A223-D3D55A1C0B1C}.Debug|x86.Build.0 = Debug|Win32
		{0FA287E1-689F-4F8D-A223-D3D55A1C0B1C}.Release|x64.ActiveCfg = Release|x64
		{0FA287E1-689F-4F8D-A223-D3D55A1C0B1C}.Release|x64.Build.0 = Release|x64
		{0FA287E1-689F-4F8D-A223-D3D55A1C0B1C}.Release|x86.ActiveCfg = Release|Win32
		{0FA287E1-689F-4F8D-A223-D3D55A1C0B1C}.Release|x86.Build.0 = Release|Win32
		{C99618E0-83E5-4DF1-BFA1-08EDB32892EF}.Debug|x64.ActiveCfg = Debug|x64
		{C99618E0-83E5-4DF1-BFA1-08EDB32892EF}.Debug|x64.Build.0 = Debug|x64
		{C99618E0-83E5-4DF1-BFA1-08EDB32892EF}.Debug|x86.ActiveCfg = Debug|Win32
		{C99618E0-83E5-4DF1-BFA1-08EDB32892EF}.Debug|x86.Build.0 = Debug|Win32
		{C99618E0-83E5-4DF1-BFA1-08EDB32892EF}.Release|x64.ActiveCfg = Release|x64
		{C99618E0-83E5-4DF1-BFA1-08EDB32892EF}.Release|x64.Build.0 = Release|x64
		{C99618E0-83E5-4DF1-BFA1-08EDB32892EF}.Release|x86.ActiveCfg = Release|Win32
		{C99618E0-83E5-4DF1-BFA1-08EDB32892EF}.Release|x86.Build.0 = Release|Win32
		{77DCE398-DA84-4294-9B97-89B89DEF6BEA}.Debug|x64.ActiveCfg = Debug|x64
		{77DCE398-DA84-4294-9B97-89B89DEF6BEA}.Debug|x64.Build.0 = Debug|x64
		{77DCE398-DA84-4294-9B97-89B89DEF6BEA}.Debug|x86.ActiveCfg = Debug|Win32
		{77DCE398-DA84-4294-9B97-89B89DEF6BEA}.Debug|x86.Build.0 = Debug|Win32
		{77DCE398-DA84-4294-9B97-89B89DEF6BEA}.Release|x64.ActiveCfg = Release|x64
		{77DCE398-DA84-4294-9B97-89B89DEF6BEA}.Release|x64.Build.0 = Release|x64
		{77DCE398-DA84-4294-9B97-89B89DEF6BEA}.Release|x86.ActiveCfg = Release|Win32
		{77DCE398-DA84-4294-9B97-89B89DEF6BEA}.Release|x86.Build.0 = Release|Win32
		{E582D5E5-F2CD-4D92-B59F-FC02AC0E6D3A}.Debug|x64.ActiveCfg = Debug|x64
		{E582D5E5-F2CD-4D92-B59F-FC02AC0E6D3A}.Debug|x64.Build.0 = Debug|x64
		{E582D5E5-F2CD-4D92-B59F-FC02AC0E6D3A}.Debug|x86.ActiveCfg = Debug|Win32
		{E582D5E5-F2CD-4D92-B59F-FC02AC0E6D3A}.Debug|x86.Build.0 = Debug|Win32
		{E582D5E5-F2CD-4D92-B59F-FC02AC0E6D3A}.Release|x64.ActiveCfg = Release|x64
		{E582D5E5-F2CD-4D92-B59F-FC02AC0E6D3A}.Release|x64.Build.0 = Release|x64
		{E582D5E5-F2CD-4D92-B59F-FC02AC0E6D3A}.Release|x86.ActiveCfg = Release|Win32
		{E582D5E5-F2CD-4D92-B59F-FC02AC0E6D3A}.Release|x86.Build.0 = Release|Win32
		{56C4E74D-D4E4-4F27-B26C-ABE813C35B37}.Debug|x64.ActiveCfg = Debug|x64
		{56C4E74D-D4E4-4F27-B26C-ABE813C35B37}.Debug|x64.Build.0 = Debug|x64
		{56C4E74D-D4E4-4F27-B26C-ABE813C35B37}.Debug|x86.ActiveCfg = Debug|Win32
		{56C4E74D-D4E4-4F27-B26C-ABE813C35B37}.Debug|x86.Build.0 = Debug|Win32
		{56C4E74D-D4E4-4F27-B26C-ABE813C35B37}.Release|x64.ActiveCfg = Release|x64
		{56C4E74D-D4E4-4F27-B26C-ABE813C35B37}.Release|x64.Build.0 = Release|x64
		{56C4E74D-D4E4-4F27-B26C-ABE813C35B37}.Release|x86.ActiveCfg = Release|Win32
		{56C4E74D-D4E4-4F27-B26C-ABE813C35B37}.Release|x86.Build.0 = Release|Win32
		{4F556DB9-05B6-4761-AE26-3E203AD36E64}.Debug|x64.ActiveCfg = Debug|x64
		{4F556DB9-05B6-4761-AE26-3E203AD36E64}.Debug|x64.Build.0 = Debug|x64
		{4F556DB9-05B6-4761-AE26-3E203AD36E64}.Debug|x86.ActiveCfg = Debug|Win32
		{4F556DB9-05B6-4761-AE26-3E203AD36E64}.Debug|x86.Build.0 = Debug|Win32
		{4F556DB9-05B6-4761-AE26-3E203AD36E64}.Release|x64.ActiveCfg = Release|x64
		{4F556DB9-05B6-4761-AE26-3E203AD36E64}.Release|x64.Build.0 = Release|x64
		{4F556DB9-05B6-4761-AE26-3E203AD36E64}.Release|x86.ActiveCfg = Release|Win32
		{4F556DB9-05B6-4761-AE26-3E203AD36E64}.Release|x86.Build.0 = Release|Win32
		{01BC19B3-20E7-422C-ACA9-0DD911D69722}.Debug|x64.ActiveCfg = Debug|x64
		{01BC19B3-20E7-422C-ACA9-0DD911D69722}.Debug|x64.Build.0 = Debug|x64
		{01BC19B3-20E7-422C-ACA9-0DD911D69722}.Debug|x86.ActiveCfg = Debug|Win32
		{01BC19B3-20E7-422C-ACA9-0DD911D69722}.Debug|x86.Build.0 = Debug|Win32
		{01BC19B3-20E7-422C-ACA9-0DD911D69722}.Release|x64.ActiveCfg = Release|x64
		{01BC19B3-20E7-422C-ACA9-0DD911D69722}.Release|x64.Build.0 = Release|x64
		{01BC19B3-20E7-422C-ACA9-0DD911D69722}.Release|x86.ActiveCfg = Release|Win32
		{01BC19B3-20E7-422C-ACA9-0DD911D69722}.Release|x86.Build.0 = Release|Win32
		{CA87D297-F0EC-49BF-9E34-395F6133B165}.Debug|x64.ActiveCfg = Debug|x64
		{CA87D297-F0EC-49BF-9E34-395F6133B165}.Debug|x64.Build.0 = Debug|x64
		{CA87D297-F0EC-49BF-9E34-395F6133B165}.Debug|x86.ActiveCfg = Debug|Win32
		{CA87D297-F0EC-49BF-9E34-395F6133B165}.Debug|x86.Build.0 = Debug|Win32
		{CA87D297-F0EC-49BF-9E34-395F6133B165}.Release|x64.ActiveCfg = Release|x64
		{CA87D297-F0EC-49BF-9E34-395F6133B165}.Release|x64.Build.0 = Release|x64
		{CA87D297-F0EC-49BF-9E34-395F6133B165}.Release|x86.ActiveCfg = Release|Win32
		{CA87D297-F0EC-49BF-9E34-395F6133B165}.Release|x86.Build.0 = Release|Win32
		{41C0B22D-6304-491E-B934-D621F7E162FD}.Debug|x64.ActiveCfg = Debug|x64
		{41C0B22D-6304-491E-B934-D621F7E162FD}.Debug|x64.Build.0 = Debug|x64
		{41C0B22D-6304-491E-B934-D621F7E162FD}.Debug|x86.ActiveCfg = Debug|Win32
		{41C0B22D-6304-491E-B934-D621F7E162FD}.Debug|x86.Build.0 = Debug|Win32
		{41C0B22D-6304-491E-B934-D621F7E162FD}.Release|x64.ActiveCfg = Release|x64
		{41C0B22D-6304-491E-B934-D621F7E162FD}.Release|x64.Build.0 = Release|x64
		{41C0B22D-6304-491E-B934-D621F7E162FD}.Release|x86.ActiveCfg = Release|Win32
		{41C0B22D-6304-491E-B934-D621F7E162FD}.Release|x86.Build.0 = Release|Win32
		{BA0F4A0D-F04B-44A0-A0EE-E98F8790C910}.Debug|x64.ActiveCfg = Debug|x64
		{BA0F4A0D-F04B-44A0-A0EE-E98F8790C910}.Debug|x64.Build.0 = Debug|x64
		{BA0F4A0D-F04B-44A0-A0EE-E98F8790C910}.Debug|x86.ActiveCfg = Debug|Win32
		{BA0F4A0D-F04B-44A0-A0EE-E98F8790C910}.Debug|x86.Build.0 = Debug|Win32
		{BA0F4A0D-F04B-44A0-A0EE-E98F8790C910}.Release|x64.ActiveCfg = Release|x64
		{BA0F4A0D-F04B-44A0-A0EE-E98F8790C910}.Release|x64.Build.0 = Release|x64
		{BA0F4A0D-F04B-44A0-A0EE-E98F8790C910}.Release|x86.ActiveCfg = Release|Win32
		{BA0F4A0D-F04B-44A0-A0EE-E98F8790C910}.Release|x86.Build.0 = Release|Win32
	EndGlobalSection
	GlobalSection(SolutionProperties) = preSolution
		HideSolutionNode = FALSE
	EndGlobalSection
	GlobalSection(ExtensibilityGlobals) = postSolution
		SolutionGuid = {3EB4D883-5509-4329-A727-E469B97BB181}
	EndGlobalSection
EndGlobal
